
Microsoft Visual Studio Solution File, Format Version 12.00
# Visual Studio Version 17
VisualStudioVersion = 17.11.35327.3
MinimumVisualStudioVersion = 10.0.40219.1
Project("{FAE04EC0-301F-11D3-BF4B-00C04F79EFBC}") = "Planner Console V1.0", "Planner Console V1.0\Planner Console V1.0.csproj", "{2D044B24-918E-4752-9888-88F329029C42}"
EndProject
Global
	GlobalSection(SolutionConfigurationPlatforms) = preSolution
		Debug|Any CPU = Debug|Any CPU
		Release|Any CPU = Release|Any CPU
	EndGlobalSection
	GlobalSection(ProjectConfigurationPlatforms) = postSolution
		{2D044B24-918E-4752-9888-88F329029C42}.Debug|Any CPU.ActiveCfg = Debug|Any CPU
		{2D044B24-918E-4752-9888-88F329029C42}.Debug|Any CPU.Build.0 = Debug|Any CPU
		{2D044B24-918E-4752-9888-88F329029C42}.Release|Any CPU.ActiveCfg = Release|Any CPU
		{2D044B24-918E-4752-9888-88F329029C42}.Release|Any CPU.Build.0 = Release|Any CPU
	EndGlobalSection
	GlobalSection(SolutionProperties) = preSolution
		HideSolutionNode = FALSE
	EndGlobalSection
	GlobalSection(ExtensibilityGlobals) = postSolution
		SolutionGuid = {EFA17587-19FA-45B9-BBE7-4360FF2ECFD0}
	EndGlobalSection
EndGlobal
